
Microsoft Visual Studio Solution File, Format Version 12.00
# Visual Studio 15
VisualStudioVersion = 15.0.28307.168
MinimumVisualStudioVersion = 10.0.40219.1
Project("{FAE04EC0-301F-11D3-BF4B-00C04F79EFBC}") = "Task 10.1 Forms", "Task 10.1 Forms\Task 10.1 Forms.csproj", "{C1700E2B-FEF5-4716-81B8-5CA644442D0B}"
EndProject
Global
	GlobalSection(SolutionConfigurationPlatforms) = preSolution
		Debug|Any CPU = Debug|Any CPU
		Release|Any CPU = Release|Any CPU
	EndGlobalSection
	GlobalSection(ProjectConfigurationPlatforms) = postSolution
		{C1700E2B-FEF5-4716-81B8-5CA644442D0B}.Debug|Any CPU.ActiveCfg = Debug|Any CPU
		{C1700E2B-FEF5-4716-81B8-5CA644442D0B}.Debug|Any CPU.Build.0 = Debug|Any CPU
		{C1700E2B-FEF5-4716-81B8-5CA644442D0B}.Release|Any CPU.ActiveCfg = Release|Any CPU
		{C1700E2B-FEF5-4716-81B8-5CA644442D0B}.Release|Any CPU.Build.0 = Release|Any CPU
	EndGlobalSection
	GlobalSection(SolutionProperties) = preSolution
		HideSolutionNode = FALSE
	EndGlobalSection
	GlobalSection(ExtensibilityGlobals) = postSolution
		SolutionGuid = {2797B0AD-7C9C-41FC-9C1C-28FDD92D953F}
	EndGlobalSection
EndGlobal
